
Microsoft Visual Studio Solution File, Format Version 12.00
# Visual Studio Version 16
VisualStudioVersion = 16.0.29519.87
MinimumVisualStudioVersion = 10.0.40219.1
Project("{FAE04EC0-301F-11D3-BF4B-00C04F79EFBC}") = "Burevestnic", "Burevestnic.csproj", "{70AA848F-2DE2-4DDC-92A4-8CE520850BEC}"
EndProject
Global
	GlobalSection(SolutionConfigurationPlatforms) = preSolution
		Debug|Any CPU = Debug|Any CPU
		Release|Any CPU = Release|Any CPU
	EndGlobalSection
	GlobalSection(ProjectConfigurationPlatforms) = postSolution
		{70AA848F-2DE2-4DDC-92A4-8CE520850BEC}.Debug|Any CPU.ActiveCfg = Debug|Any CPU
		{70AA848F-2DE2-4DDC-92A4-8CE520850BEC}.Debug|Any CPU.Build.0 = Debug|Any CPU
		{70AA848F-2DE2-4DDC-92A4-8CE520850BEC}.Release|Any CPU.ActiveCfg = Release|Any CPU
		{70AA848F-2DE2-4DDC-92A4-8CE520850BEC}.Release|Any CPU.Build.0 = Release|Any CPU
	EndGlobalSection
	GlobalSection(SolutionProperties) = preSolution
		HideSolutionNode = FALSE
	EndGlobalSection
	GlobalSection(ExtensibilityGlobals) = postSolution
		SolutionGuid = {0CCEAE38-E6FA-424A-B6AD-BB06A30B2419}
	EndGlobalSection
EndGlobal
